{
  "version": 4,
  "terraform_version": "1.14.4",
  "serial": 17,
  "lineage": "8b09e30c-b16f-3b86-f756-81705da2cde2",
  "outputs": {},
  "resources": [
    {
      "module": "module.RSV_Policy[\"centralus\"]",
      "mode": "managed",
      "type": "azurerm_backup_policy_vm",
      "name": "this",
      "provider": "provider[\"registry.terraform.io/hashicorp/azurerm\"]",
      "instances": [
        {
          "index_key": "bronze",
          "schema_version": 0,
          "attributes": {
            "backup": [
              {
                "frequency": "Daily",
                "hour_duration": 0,
                "hour_interval": 0,
                "time": "04:00",
                "weekdays": null
              }
            ],
            "consistency_type": "",
            "id": "/subscriptions/72fe83f9-13d1-423d-84c7-0a2b3996813d/resourceGroups/TCW-Test-RG/providers/Microsoft.RecoveryServices/vaults/rsv-backup-TCW-centralus-dev/backupPolicies/bp-bronze-TCW-dev",
            "instant_restore_resource_group": [],
            "instant_restore_retention_days": 7,
            "name": "bp-bronze-TCW-dev",
            "policy_type": "V2",
            "recovery_vault_name": "rsv-backup-TCW-centralus-dev",
            "resource_group_name": "TCW-Test-RG",
            "retention_daily": [
              {
                "count": 7
              }
            ],
            "retention_monthly": [
              {
                "count": 3,
                "days": null,
                "include_last_days": false,
                "weekdays": [
                  "Sunday"
                ],
                "weeks": [
                  "First"
                ]
              }
            ],
            "retention_weekly": [
              {
                "count": 4,
                "weekdays": [
                  "Sunday"
                ]
              }
            ],
            "retention_yearly": [],
            "tiering_policy": [],
            "timeouts": null,
            "timezone": "UTC"
          },
          "sensitive_attributes": [],
          "identity_schema_version": 0,
          "private": "eyJlMmJmYjczMC1lY2FhLTExZTYtOGY4OC0zNDM2M2JjN2M0YzAiOnsiY3JlYXRlIjoxODAwMDAwMDAwMDAwLCJkZWxldGUiOjE4MDAwMDAwMDAwMDAsInJlYWQiOjMwMDAwMDAwMDAwMCwidXBkYXRlIjoxODAwMDAwMDAwMDAwfX0=",
          "dependencies": [
            "module.RSV_Policy.azurerm_recovery_services_vault.backup"
          ]
        },
        {
          "index_key": "gold",
          "schema_version": 0,
          "attributes": {
            "backup": [
              {
                "frequency": "Daily",
                "hour_duration": 0,
                "hour_interval": 0,
                "time": "02:00",
                "weekdays": []
              }
            ],
            "consistency_type": "",
            "id": "/subscriptions/72fe83f9-13d1-423d-84c7-0a2b3996813d/resourceGroups/TCW-Test-RG/providers/Microsoft.RecoveryServices/vaults/rsv-backup-TCW-centralus-dev/backupPolicies/bp-gold-TCW-dev",
            "instant_restore_resource_group": [],
            "instant_restore_retention_days": 7,
            "name": "bp-gold-TCW-dev",
            "policy_type": "V2",
            "recovery_vault_name": "rsv-backup-TCW-centralus-dev",
            "resource_group_name": "TCW-Test-RG",
            "retention_daily": [
              {
                "count": 30
              }
            ],
            "retention_monthly": [
              {
                "count": 12,
                "days": [],
                "include_last_days": false,
                "weekdays": [
                  "Sunday"
                ],
                "weeks": [
                  "First"
                ]
              }
            ],
            "retention_weekly": [
              {
                "count": 12,
                "weekdays": [
                  "Sunday"
                ]
              }
            ],
            "retention_yearly": [
              {
                "count": 3,
                "days": [],
                "include_last_days": false,
                "months": [
                  "January"
                ],
                "weekdays": [
                  "Sunday"
                ],
                "weeks": [
                  "First"
                ]
              }
            ],
            "tiering_policy": [],
            "timeouts": null,
            "timezone": "UTC"
          },
          "sensitive_attributes": [],
          "identity_schema_version": 0,
          "private": "eyJlMmJmYjczMC1lY2FhLTExZTYtOGY4OC0zNDM2M2JjN2M0YzAiOnsiY3JlYXRlIjoxODAwMDAwMDAwMDAwLCJkZWxldGUiOjE4MDAwMDAwMDAwMDAsInJlYWQiOjMwMDAwMDAwMDAwMCwidXBkYXRlIjoxODAwMDAwMDAwMDAwfX0=",
          "dependencies": [
            "module.RSV_Policy.azurerm_recovery_services_vault.backup"
          ]
        },
        {
          "index_key": "silver",
          "schema_version": 0,
          "attributes": {
            "backup": [
              {
                "frequency": "Daily",
                "hour_duration": 0,
                "hour_interval": 0,
                "time": "03:00",
                "weekdays": []
              }
            ],
            "consistency_type": "",
            "id": "/subscriptions/72fe83f9-13d1-423d-84c7-0a2b3996813d/resourceGroups/TCW-Test-RG/providers/Microsoft.RecoveryServices/vaults/rsv-backup-TCW-centralus-dev/backupPolicies/bp-silver-TCW-dev",
            "instant_restore_resource_group": [],
            "instant_restore_retention_days": 7,
            "name": "bp-silver-TCW-dev",
            "policy_type": "V2",
            "recovery_vault_name": "rsv-backup-TCW-centralus-dev",
            "resource_group_name": "TCW-Test-RG",
            "retention_daily": [
              {
                "count": 14
              }
            ],
            "retention_monthly": [
              {
                "count": 6,
                "days": [],
                "include_last_days": false,
                "weekdays": [
                  "Sunday"
                ],
                "weeks": [
                  "First"
                ]
              }
            ],
            "retention_weekly": [
              {
                "count": 8,
                "weekdays": [
                  "Sunday"
                ]
              }
            ],
            "retention_yearly": [
              {
                "count": 1,
                "days": [],
                "include_last_days": false,
                "months": [
                  "January"
                ],
                "weekdays": [
                  "Sunday"
                ],
                "weeks": [
                  "First"
                ]
              }
            ],
            "tiering_policy": [],
            "timeouts": null,
            "timezone": "UTC"
          },
          "sensitive_attributes": [],
          "identity_schema_version": 0,
          "private": "eyJlMmJmYjczMC1lY2FhLTExZTYtOGY4OC0zNDM2M2JjN2M0YzAiOnsiY3JlYXRlIjoxODAwMDAwMDAwMDAwLCJkZWxldGUiOjE4MDAwMDAwMDAwMDAsInJlYWQiOjMwMDAwMDAwMDAwMCwidXBkYXRlIjoxODAwMDAwMDAwMDAwfX0=",
          "dependencies": [
            "module.RSV_Policy.azurerm_recovery_services_vault.backup"
          ]
        }
      ]
    },
    {
      "module": "module.RSV_Policy[\"centralus\"]",
      "mode": "managed",
      "type": "azurerm_recovery_services_vault",
      "name": "backup",
      "provider": "provider[\"registry.terraform.io/hashicorp/azurerm\"]",
      "instances": [
        {
          "schema_version": 0,
          "attributes": {
            "classic_vmware_replication_enabled": false,
            "cross_region_restore_enabled": false,
            "encryption": [],
            "id": "/subscriptions/72fe83f9-13d1-423d-84c7-0a2b3996813d/resourceGroups/TCW-Test-RG/providers/Microsoft.RecoveryServices/vaults/rsv-backup-TCW-centralus-dev",
            "identity": [],
            "immutability": "Disabled",
            "location": "centralus",
            "monitoring": [
              {
                "alerts_for_all_job_failures_enabled": true,
                "alerts_for_critical_operation_failures_enabled": true
              }
            ],
            "name": "rsv-backup-TCW-centralus-dev",
            "public_network_access_enabled": true,
            "resource_group_name": "TCW-Test-RG",
            "sku": "Standard",
            "soft_delete_enabled": true,
            "storage_mode_type": "GeoRedundant",
            "tags": {
              "component": "backup-vault",
              "cost-center": "CC-1234",
              "criticality": "low",
              "data-classification": "internal",
              "environment": "dev",
              "migration-wave": "wave1",
              "owner": "platform-team@example.com",
              "project": "tcwproj",
              "workload": "azure-migration"
            },
            "timeouts": null
          },
          "sensitive_attributes": [],
          "identity_schema_version": 0,
          "private": "eyJlMmJmYjczMC1lY2FhLTExZTYtOGY4OC0zNDM2M2JjN2M0YzAiOnsiY3JlYXRlIjo3MjAwMDAwMDAwMDAwLCJkZWxldGUiOjE4MDAwMDAwMDAwMDAsInJlYWQiOjMwMDAwMDAwMDAwMCwidXBkYXRlIjozNjAwMDAwMDAwMDAwfX0="
        }
      ]
    },
    {
      "module": "module.RSV_Policy[\"westus\"]",
      "mode": "managed",
      "type": "azurerm_backup_policy_vm",
      "name": "this",
      "provider": "provider[\"registry.terraform.io/hashicorp/azurerm\"]",
      "instances": [
        {
          "index_key": "bronze",
          "schema_version": 0,
          "attributes": {
            "backup": [
              {
                "frequency": "Daily",
                "hour_duration": 0,
                "hour_interval": 0,
                "time": "04:00",
                "weekdays": null
              }
            ],
            "consistency_type": "",
            "id": "/subscriptions/72fe83f9-13d1-423d-84c7-0a2b3996813d/resourceGroups/TCW-Test-RG/providers/Microsoft.RecoveryServices/vaults/rsv-backup-TCW-westus-dev/backupPolicies/bp-bronze-TCW-dev",
            "instant_restore_resource_group": [],
            "instant_restore_retention_days": 7,
            "name": "bp-bronze-TCW-dev",
            "policy_type": "V2",
            "recovery_vault_name": "rsv-backup-TCW-westus-dev",
            "resource_group_name": "TCW-Test-RG",
            "retention_daily": [
              {
                "count": 7
              }
            ],
            "retention_monthly": [
              {
                "count": 3,
                "days": null,
                "include_last_days": false,
                "weekdays": [
                  "Sunday"
                ],
                "weeks": [
                  "First"
                ]
              }
            ],
            "retention_weekly": [
              {
                "count": 4,
                "weekdays": [
                  "Sunday"
                ]
              }
            ],
            "retention_yearly": [],
            "tiering_policy": [],
            "timeouts": null,
            "timezone": "UTC"
          },
          "sensitive_attributes": [],
          "identity_schema_version": 0,
          "private": "eyJlMmJmYjczMC1lY2FhLTExZTYtOGY4OC0zNDM2M2JjN2M0YzAiOnsiY3JlYXRlIjoxODAwMDAwMDAwMDAwLCJkZWxldGUiOjE4MDAwMDAwMDAwMDAsInJlYWQiOjMwMDAwMDAwMDAwMCwidXBkYXRlIjoxODAwMDAwMDAwMDAwfX0=",
          "dependencies": [
            "module.RSV_Policy.azurerm_recovery_services_vault.backup"
          ]
        },
        {
          "index_key": "gold",
          "schema_version": 0,
          "attributes": {
            "backup": [
              {
                "frequency": "Daily",
                "hour_duration": 0,
                "hour_interval": 0,
                "time": "02:00",
                "weekdays": []
              }
            ],
            "consistency_type": "",
            "id": "/subscriptions/72fe83f9-13d1-423d-84c7-0a2b3996813d/resourceGroups/TCW-Test-RG/providers/Microsoft.RecoveryServices/vaults/rsv-backup-TCW-westus-dev/backupPolicies/bp-gold-TCW-dev",
            "instant_restore_resource_group": [],
            "instant_restore_retention_days": 7,
            "name": "bp-gold-TCW-dev",
            "policy_type": "V2",
            "recovery_vault_name": "rsv-backup-TCW-westus-dev",
            "resource_group_name": "TCW-Test-RG",
            "retention_daily": [
              {
                "count": 30
              }
            ],
            "retention_monthly": [
              {
                "count": 12,
                "days": [],
                "include_last_days": false,
                "weekdays": [
                  "Sunday"
                ],
                "weeks": [
                  "First"
                ]
              }
            ],
            "retention_weekly": [
              {
                "count": 12,
                "weekdays": [
                  "Sunday"
                ]
              }
            ],
            "retention_yearly": [
              {
                "count": 3,
                "days": [],
                "include_last_days": false,
                "months": [
                  "January"
                ],
                "weekdays": [
                  "Sunday"
                ],
                "weeks": [
                  "First"
                ]
              }
            ],
            "tiering_policy": [],
            "timeouts": null,
            "timezone": "UTC"
          },
          "sensitive_attributes": [],
          "identity_schema_version": 0,
          "private": "eyJlMmJmYjczMC1lY2FhLTExZTYtOGY4OC0zNDM2M2JjN2M0YzAiOnsiY3JlYXRlIjoxODAwMDAwMDAwMDAwLCJkZWxldGUiOjE4MDAwMDAwMDAwMDAsInJlYWQiOjMwMDAwMDAwMDAwMCwidXBkYXRlIjoxODAwMDAwMDAwMDAwfX0=",
          "dependencies": [
            "module.RSV_Policy.azurerm_recovery_services_vault.backup"
          ]
        },
        {
          "index_key": "silver",
          "schema_version": 0,
          "attributes": {
            "backup": [
              {
                "frequency": "Daily",
                "hour_duration": 0,
                "hour_interval": 0,
                "time": "03:00",
                "weekdays": []
              }
            ],
            "consistency_type": "",
            "id": "/subscriptions/72fe83f9-13d1-423d-84c7-0a2b3996813d/resourceGroups/TCW-Test-RG/providers/Microsoft.RecoveryServices/vaults/rsv-backup-TCW-westus-dev/backupPolicies/bp-silver-TCW-dev",
            "instant_restore_resource_group": [],
            "instant_restore_retention_days": 7,
            "name": "bp-silver-TCW-dev",
            "policy_type": "V2",
            "recovery_vault_name": "rsv-backup-TCW-westus-dev",
            "resource_group_name": "TCW-Test-RG",
            "retention_daily": [
              {
                "count": 14
              }
            ],
            "retention_monthly": [
              {
                "count": 6,
                "days": [],
                "include_last_days": false,
                "weekdays": [
                  "Sunday"
                ],
                "weeks": [
                  "First"
                ]
              }
            ],
            "retention_weekly": [
              {
                "count": 8,
                "weekdays": [
                  "Sunday"
                ]
              }
            ],
            "retention_yearly": [
              {
                "count": 1,
                "days": [],
                "include_last_days": false,
                "months": [
                  "January"
                ],
                "weekdays": [
                  "Sunday"
                ],
                "weeks": [
                  "First"
                ]
              }
            ],
            "tiering_policy": [],
            "timeouts": null,
            "timezone": "UTC"
          },
          "sensitive_attributes": [],
          "identity_schema_version": 0,
          "private": "eyJlMmJmYjczMC1lY2FhLTExZTYtOGY4OC0zNDM2M2JjN2M0YzAiOnsiY3JlYXRlIjoxODAwMDAwMDAwMDAwLCJkZWxldGUiOjE4MDAwMDAwMDAwMDAsInJlYWQiOjMwMDAwMDAwMDAwMCwidXBkYXRlIjoxODAwMDAwMDAwMDAwfX0=",
          "dependencies": [
            "module.RSV_Policy.azurerm_recovery_services_vault.backup"
          ]
        }
      ]
    },
    {
      "module": "module.RSV_Policy[\"westus\"]",
      "mode": "managed",
      "type": "azurerm_recovery_services_vault",
      "name": "backup",
      "provider": "provider[\"registry.terraform.io/hashicorp/azurerm\"]",
      "instances": [
        {
          "schema_version": 0,
          "attributes": {
            "classic_vmware_replication_enabled": false,
            "cross_region_restore_enabled": false,
            "encryption": [],
            "id": "/subscriptions/72fe83f9-13d1-423d-84c7-0a2b3996813d/resourceGroups/TCW-Test-RG/providers/Microsoft.RecoveryServices/vaults/rsv-backup-TCW-westus-dev",
            "identity": [],
            "immutability": "Disabled",
            "location": "westus",
            "monitoring": [
              {
                "alerts_for_all_job_failures_enabled": true,
                "alerts_for_critical_operation_failures_enabled": true
              }
            ],
            "name": "rsv-backup-TCW-westus-dev",
            "public_network_access_enabled": true,
            "resource_group_name": "TCW-Test-RG",
            "sku": "Standard",
            "soft_delete_enabled": true,
            "storage_mode_type": "GeoRedundant",
            "tags": {
              "component": "backup-vault",
              "cost-center": "CC-1234",
              "criticality": "low",
              "data-classification": "internal",
              "environment": "dev",
              "migration-wave": "wave1",
              "owner": "platform-team@example.com",
              "project": "tcwproj",
              "workload": "azure-migration"
            },
            "timeouts": null
          },
          "sensitive_attributes": [],
          "identity_schema_version": 0,
          "private": "eyJlMmJmYjczMC1lY2FhLTExZTYtOGY4OC0zNDM2M2JjN2M0YzAiOnsiY3JlYXRlIjo3MjAwMDAwMDAwMDAwLCJkZWxldGUiOjE4MDAwMDAwMDAwMDAsInJlYWQiOjMwMDAwMDAwMDAwMCwidXBkYXRlIjozNjAwMDAwMDAwMDAwfX0="
        }
      ]
    },
    {
      "module": "module.RSV_Policy[\"westus2\"]",
      "mode": "managed",
      "type": "azurerm_backup_policy_vm",
      "name": "this",
      "provider": "provider[\"registry.terraform.io/hashicorp/azurerm\"]",
      "instances": [
        {
          "index_key": "bronze",
          "schema_version": 0,
          "attributes": {
            "backup": [
              {
                "frequency": "Daily",
                "hour_duration": 0,
                "hour_interval": 0,
                "time": "04:00",
                "weekdays": null
              }
            ],
            "consistency_type": "",
            "id": "/subscriptions/72fe83f9-13d1-423d-84c7-0a2b3996813d/resourceGroups/TCW-Test-RG/providers/Microsoft.RecoveryServices/vaults/rsv-backup-TCW-westus2-dev/backupPolicies/bp-bronze-TCW-dev",
            "instant_restore_resource_group": [],
            "instant_restore_retention_days": 7,
            "name": "bp-bronze-TCW-dev",
            "policy_type": "V2",
            "recovery_vault_name": "rsv-backup-TCW-westus2-dev",
            "resource_group_name": "TCW-Test-RG",
            "retention_daily": [
              {
                "count": 7
              }
            ],
            "retention_monthly": [
              {
                "count": 3,
                "days": null,
                "include_last_days": false,
                "weekdays": [
                  "Sunday"
                ],
                "weeks": [
                  "First"
                ]
              }
            ],
            "retention_weekly": [
              {
                "count": 4,
                "weekdays": [
                  "Sunday"
                ]
              }
            ],
            "retention_yearly": [],
            "tiering_policy": [],
            "timeouts": null,
            "timezone": "UTC"
          },
          "sensitive_attributes": [],
          "identity_schema_version": 0,
          "private": "eyJlMmJmYjczMC1lY2FhLTExZTYtOGY4OC0zNDM2M2JjN2M0YzAiOnsiY3JlYXRlIjoxODAwMDAwMDAwMDAwLCJkZWxldGUiOjE4MDAwMDAwMDAwMDAsInJlYWQiOjMwMDAwMDAwMDAwMCwidXBkYXRlIjoxODAwMDAwMDAwMDAwfX0=",
          "dependencies": [
            "module.RSV_Policy.azurerm_recovery_services_vault.backup"
          ]
        },
        {
          "index_key": "gold",
          "schema_version": 0,
          "attributes": {
            "backup": [
              {
                "frequency": "Daily",
                "hour_duration": 0,
                "hour_interval": 0,
                "time": "02:00",
                "weekdays": []
              }
            ],
            "consistency_type": "",
            "id": "/subscriptions/72fe83f9-13d1-423d-84c7-0a2b3996813d/resourceGroups/TCW-Test-RG/providers/Microsoft.RecoveryServices/vaults/rsv-backup-TCW-westus2-dev/backupPolicies/bp-gold-TCW-dev",
            "instant_restore_resource_group": [],
            "instant_restore_retention_days": 7,
            "name": "bp-gold-TCW-dev",
            "policy_type": "V2",
            "recovery_vault_name": "rsv-backup-TCW-westus2-dev",
            "resource_group_name": "TCW-Test-RG",
            "retention_daily": [
              {
                "count": 30
              }
            ],
            "retention_monthly": [
              {
                "count": 12,
                "days": [],
                "include_last_days": false,
                "weekdays": [
                  "Sunday"
                ],
                "weeks": [
                  "First"
                ]
              }
            ],
            "retention_weekly": [
              {
                "count": 12,
                "weekdays": [
                  "Sunday"
                ]
              }
            ],
            "retention_yearly": [
              {
                "count": 3,
                "days": [],
                "include_last_days": false,
                "months": [
                  "January"
                ],
                "weekdays": [
                  "Sunday"
                ],
                "weeks": [
                  "First"
                ]
              }
            ],
            "tiering_policy": [],
            "timeouts": null,
            "timezone": "UTC"
          },
          "sensitive_attributes": [],
          "identity_schema_version": 0,
          "private": "eyJlMmJmYjczMC1lY2FhLTExZTYtOGY4OC0zNDM2M2JjN2M0YzAiOnsiY3JlYXRlIjoxODAwMDAwMDAwMDAwLCJkZWxldGUiOjE4MDAwMDAwMDAwMDAsInJlYWQiOjMwMDAwMDAwMDAwMCwidXBkYXRlIjoxODAwMDAwMDAwMDAwfX0=",
          "dependencies": [
            "module.RSV_Policy.azurerm_recovery_services_vault.backup"
          ]
        },
        {
          "index_key": "silver",
          "schema_version": 0,
          "attributes": {
            "backup": [
              {
                "frequency": "Daily",
                "hour_duration": 0,
                "hour_interval": 0,
                "time": "03:00",
                "weekdays": []
              }
            ],
            "consistency_type": "",
            "id": "/subscriptions/72fe83f9-13d1-423d-84c7-0a2b3996813d/resourceGroups/TCW-Test-RG/providers/Microsoft.RecoveryServices/vaults/rsv-backup-TCW-westus2-dev/backupPolicies/bp-silver-TCW-dev",
            "instant_restore_resource_group": [],
            "instant_restore_retention_days": 7,
            "name": "bp-silver-TCW-dev",
            "policy_type": "V2",
            "recovery_vault_name": "rsv-backup-TCW-westus2-dev",
            "resource_group_name": "TCW-Test-RG",
            "retention_daily": [
              {
                "count": 14
              }
            ],
            "retention_monthly": [
              {
                "count": 6,
                "days": [],
                "include_last_days": false,
                "weekdays": [
                  "Sunday"
                ],
                "weeks": [
                  "First"
                ]
              }
            ],
            "retention_weekly": [
              {
                "count": 8,
                "weekdays": [
                  "Sunday"
                ]
              }
            ],
            "retention_yearly": [
              {
                "count": 1,
                "days": [],
                "include_last_days": false,
                "months": [
                  "January"
                ],
                "weekdays": [
                  "Sunday"
                ],
                "weeks": [
                  "First"
                ]
              }
            ],
            "tiering_policy": [],
            "timeouts": null,
            "timezone": "UTC"
          },
          "sensitive_attributes": [],
          "identity_schema_version": 0,
          "private": "eyJlMmJmYjczMC1lY2FhLTExZTYtOGY4OC0zNDM2M2JjN2M0YzAiOnsiY3JlYXRlIjoxODAwMDAwMDAwMDAwLCJkZWxldGUiOjE4MDAwMDAwMDAwMDAsInJlYWQiOjMwMDAwMDAwMDAwMCwidXBkYXRlIjoxODAwMDAwMDAwMDAwfX0=",
          "dependencies": [
            "module.RSV_Policy.azurerm_recovery_services_vault.backup"
          ]
        }
      ]
    },
    {
      "module": "module.RSV_Policy[\"westus2\"]",
      "mode": "managed",
      "type": "azurerm_recovery_services_vault",
      "name": "backup",
      "provider": "provider[\"registry.terraform.io/hashicorp/azurerm\"]",
      "instances": [
        {
          "schema_version": 0,
          "attributes": {
            "classic_vmware_replication_enabled": false,
            "cross_region_restore_enabled": false,
            "encryption": [],
            "id": "/subscriptions/72fe83f9-13d1-423d-84c7-0a2b3996813d/resourceGroups/TCW-Test-RG/providers/Microsoft.RecoveryServices/vaults/rsv-backup-TCW-westus2-dev",
            "identity": [],
            "immutability": "Disabled",
            "location": "westus2",
            "monitoring": [
              {
                "alerts_for_all_job_failures_enabled": true,
                "alerts_for_critical_operation_failures_enabled": true
              }
            ],
            "name": "rsv-backup-TCW-westus2-dev",
            "public_network_access_enabled": true,
            "resource_group_name": "TCW-Test-RG",
            "sku": "Standard",
            "soft_delete_enabled": true,
            "storage_mode_type": "GeoRedundant",
            "tags": {
              "component": "backup-vault",
              "cost-center": "CC-1234",
              "criticality": "low",
              "data-classification": "internal",
              "environment": "dev",
              "migration-wave": "wave1",
              "owner": "platform-team@example.com",
              "project": "tcwproj",
              "workload": "azure-migration"
            },
            "timeouts": null
          },
          "sensitive_attributes": [],
          "identity_schema_version": 0,
          "private": "eyJlMmJmYjczMC1lY2FhLTExZTYtOGY4OC0zNDM2M2JjN2M0YzAiOnsiY3JlYXRlIjo3MjAwMDAwMDAwMDAwLCJkZWxldGUiOjE4MDAwMDAwMDAwMDAsInJlYWQiOjMwMDAwMDAwMDAwMCwidXBkYXRlIjozNjAwMDAwMDAwMDAwfX0="
        }
      ]
    }
  ],
  "check_results": null
}
